
Microsoft Visual Studio Solution File, Format Version 12.00
# Visual Studio 15
VisualStudioVersion = 15.0.28307.421
MinimumVisualStudioVersion = 10.0.40219.1
Project("{FAE04EC0-301F-11D3-BF4B-00C04F79EFBC}") = "LAB1_BOSIUK", "LAB1_BOSIUK\LAB1_BOSIUK.csproj", "{F882AC63-819A-44DC-950A-0A684B7D9FCF}"
EndProject
Global
	GlobalSection(SolutionConfigurationPlatforms) = preSolution
		Debug|Any CPU = Debug|Any CPU
		Release|Any CPU = Release|Any CPU
	EndGlobalSection
	GlobalSection(ProjectConfigurationPlatforms) = postSolution
		{F882AC63-819A-44DC-950A-0A684B7D9FCF}.Debug|Any CPU.ActiveCfg = Debug|Any CPU
		{F882AC63-819A-44DC-950A-0A684B7D9FCF}.Debug|Any CPU.Build.0 = Debug|Any CPU
		{F882AC63-819A-44DC-950A-0A684B7D9FCF}.Release|Any CPU.ActiveCfg = Release|Any CPU
		{F882AC63-819A-44DC-950A-0A684B7D9FCF}.Release|Any CPU.Build.0 = Release|Any CPU
	EndGlobalSection
	GlobalSection(SolutionProperties) = preSolution
		HideSolutionNode = FALSE
	EndGlobalSection
	GlobalSection(ExtensibilityGlobals) = postSolution
		SolutionGuid = {218F07E4-2D9B-4BF1-95BF-58983107C329}
	EndGlobalSection
EndGlobal
